
Microsoft Visual Studio Solution File, Format Version 12.00
# Visual Studio Version 16
VisualStudioVersion = 16.0.29613.14
MinimumVisualStudioVersion = 10.0.40219.1
Project("{FAE04EC0-301F-11D3-BF4B-00C04F79EFBC}") = "Edelveys", "Edelveys\Edelveys.csproj", "{829C8E54-D9C9-4EF6-9461-8B86B28E061D}"
EndProject
Global
	GlobalSection(SolutionConfigurationPlatforms) = preSolution
		Debug|Any CPU = Debug|Any CPU
		Release|Any CPU = Release|Any CPU
	EndGlobalSection
	GlobalSection(ProjectConfigurationPlatforms) = postSolution
		{829C8E54-D9C9-4EF6-9461-8B86B28E061D}.Debug|Any CPU.ActiveCfg = Debug|Any CPU
		{829C8E54-D9C9-4EF6-9461-8B86B28E061D}.Debug|Any CPU.Build.0 = Debug|Any CPU
		{829C8E54-D9C9-4EF6-9461-8B86B28E061D}.Release|Any CPU.ActiveCfg = Release|Any CPU
		{829C8E54-D9C9-4EF6-9461-8B86B28E061D}.Release|Any CPU.Build.0 = Release|Any CPU
	EndGlobalSection
	GlobalSection(SolutionProperties) = preSolution
		HideSolutionNode = FALSE
	EndGlobalSection
	GlobalSection(ExtensibilityGlobals) = postSolution
		SolutionGuid = {1EEE8E42-11F0-4419-9E37-9CCDF8CB15DD}
	EndGlobalSection
EndGlobal
